
Microsoft Visual Studio Solution File, Format Version 12.00
# Visual Studio Version 17
VisualStudioVersion = 17.0.31423.177
MinimumVisualStudioVersion = 10.0.40219.1
Project("{9A19103F-16F7-4668-BE54-9A1E7A4F7556}") = "Analytics", "src\Analytics\Analytics.csproj", "{D74EF713-DF94-48BA-9621-CB64D8E6FE48}"
EndProject
Project("{9A19103F-16F7-4668-BE54-9A1E7A4F7556}") = "CodeFixes", "src\CodeFixes\CodeFixes.csproj", "{D954FD19-1F29-4B07-8F41-F320D54ED105}"
EndProject
Project("{9A19103F-16F7-4668-BE54-9A1E7A4F7556}") = "Precompiler", "src\Precompiler\Precompiler.csproj", "{485C518A-F11E-4E6B-98E4-B24DDE64CBBD}"
EndProject
Project("{9A19103F-16F7-4668-BE54-9A1E7A4F7556}") = "Package", "package\Package.csproj", "{FB3528DD-1622-4C9F-9696-132DFBA9AA4D}"
EndProject
Project("{9A19103F-16F7-4668-BE54-9A1E7A4F7556}") = "Vsix", "vsix\Vsix.csproj", "{B8C798AB-1D8D-4892-8AE3-AA793B646A3B}"
EndProject
Project("{9A19103F-16F7-4668-BE54-9A1E7A4F7556}") = "Analytics.Tests", "tests\Analytics\Analytics.Tests.csproj", "{952F8D26-A841-4008-BAAF-FE750C75F7BB}"
EndProject
Project("{9A19103F-16F7-4668-BE54-9A1E7A4F7556}") = "Unity.Precompiler.CodeFixes.Tests", "tests\CodeFixes\Unity.Precompiler.CodeFixes.Tests.csproj", "{452FCED8-D11E-48D3-ACFC-B393D88ED3F6}"
EndProject
Project("{2150E333-8FDC-42A3-9474-1A3956D46DE8}") = "Packages", "Packages", "{B7FC3838-E251-48C6-8EAA-18132580C7B8}"
EndProject
Project("{2150E333-8FDC-42A3-9474-1A3956D46DE8}") = "Analytics", "Analytics", "{E36948D0-53A5-4BAC-885D-3A12E79D5E65}"
EndProject
Project("{2150E333-8FDC-42A3-9474-1A3956D46DE8}") = "CodeFixes", "CodeFixes", "{00F695D2-305A-4C0E-8305-5575BDD28748}"
EndProject
Project("{2150E333-8FDC-42A3-9474-1A3956D46DE8}") = "Precompiler", "Precompiler", "{09DFC8EA-06F4-4FEE-8562-14C49691DAD4}"
EndProject
Project("{9A19103F-16F7-4668-BE54-9A1E7A4F7556}") = "Precompiler.Integration", "tests\Integration\Precompiler.Integration.csproj", "{BFE29A0F-CF94-4A1F-AC2B-DD1AF799E9CD}"
EndProject
Project("{9A19103F-16F7-4668-BE54-9A1E7A4F7556}") = "Precompiler.Tests", "tests\Precompiler\Precompiler.Tests.csproj", "{32107188-0BEC-4ECD-947F-FB777E0BAC9D}"
EndProject
Global
	GlobalSection(SolutionConfigurationPlatforms) = preSolution
		Debug|Any CPU = Debug|Any CPU
		Release|Any CPU = Release|Any CPU
	EndGlobalSection
	GlobalSection(ProjectConfigurationPlatforms) = postSolution
		{D74EF713-DF94-48BA-9621-CB64D8E6FE48}.Debug|Any CPU.ActiveCfg = Debug|Any CPU
		{D74EF713-DF94-48BA-9621-CB64D8E6FE48}.Debug|Any CPU.Build.0 = Debug|Any CPU
		{D74EF713-DF94-48BA-9621-CB64D8E6FE48}.Release|Any CPU.ActiveCfg = Release|Any CPU
		{D74EF713-DF94-48BA-9621-CB64D8E6FE48}.Release|Any CPU.Build.0 = Release|Any CPU
		{D954FD19-1F29-4B07-8F41-F320D54ED105}.Debug|Any CPU.ActiveCfg = Debug|Any CPU
		{D954FD19-1F29-4B07-8F41-F320D54ED105}.Debug|Any CPU.Build.0 = Debug|Any CPU
		{D954FD19-1F29-4B07-8F41-F320D54ED105}.Release|Any CPU.ActiveCfg = Release|Any CPU
		{D954FD19-1F29-4B07-8F41-F320D54ED105}.Release|Any CPU.Build.0 = Release|Any CPU
		{485C518A-F11E-4E6B-98E4-B24DDE64CBBD}.Debug|Any CPU.ActiveCfg = Debug|Any CPU
		{485C518A-F11E-4E6B-98E4-B24DDE64CBBD}.Debug|Any CPU.Build.0 = Debug|Any CPU
		{485C518A-F11E-4E6B-98E4-B24DDE64CBBD}.Release|Any CPU.ActiveCfg = Release|Any CPU
		{485C518A-F11E-4E6B-98E4-B24DDE64CBBD}.Release|Any CPU.Build.0 = Release|Any CPU
		{FB3528DD-1622-4C9F-9696-132DFBA9AA4D}.Debug|Any CPU.ActiveCfg = Debug|Any CPU
		{FB3528DD-1622-4C9F-9696-132DFBA9AA4D}.Debug|Any CPU.Build.0 = Debug|Any CPU
		{FB3528DD-1622-4C9F-9696-132DFBA9AA4D}.Release|Any CPU.ActiveCfg = Release|Any CPU
		{FB3528DD-1622-4C9F-9696-132DFBA9AA4D}.Release|Any CPU.Build.0 = Release|Any CPU
		{B8C798AB-1D8D-4892-8AE3-AA793B646A3B}.Debug|Any CPU.ActiveCfg = Debug|Any CPU
		{B8C798AB-1D8D-4892-8AE3-AA793B646A3B}.Debug|Any CPU.Build.0 = Debug|Any CPU
		{B8C798AB-1D8D-4892-8AE3-AA793B646A3B}.Release|Any CPU.ActiveCfg = Release|Any CPU
		{B8C798AB-1D8D-4892-8AE3-AA793B646A3B}.Release|Any CPU.Build.0 = Release|Any CPU
		{952F8D26-A841-4008-BAAF-FE750C75F7BB}.Debug|Any CPU.ActiveCfg = Debug|Any CPU
		{952F8D26-A841-4008-BAAF-FE750C75F7BB}.Debug|Any CPU.Build.0 = Debug|Any CPU
		{952F8D26-A841-4008-BAAF-FE750C75F7BB}.Release|Any CPU.ActiveCfg = Release|Any CPU
		{952F8D26-A841-4008-BAAF-FE750C75F7BB}.Release|Any CPU.Build.0 = Release|Any CPU
		{452FCED8-D11E-48D3-ACFC-B393D88ED3F6}.Debug|Any CPU.ActiveCfg = Debug|Any CPU
		{452FCED8-D11E-48D3-ACFC-B393D88ED3F6}.Debug|Any CPU.Build.0 = Debug|Any CPU
		{452FCED8-D11E-48D3-ACFC-B393D88ED3F6}.Release|Any CPU.ActiveCfg = Release|Any CPU
		{452FCED8-D11E-48D3-ACFC-B393D88ED3F6}.Release|Any CPU.Build.0 = Release|Any CPU
		{BFE29A0F-CF94-4A1F-AC2B-DD1AF799E9CD}.Debug|Any CPU.ActiveCfg = Debug|Any CPU
		{BFE29A0F-CF94-4A1F-AC2B-DD1AF799E9CD}.Debug|Any CPU.Build.0 = Debug|Any CPU
		{BFE29A0F-CF94-4A1F-AC2B-DD1AF799E9CD}.Release|Any CPU.ActiveCfg = Release|Any CPU
		{32107188-0BEC-4ECD-947F-FB777E0BAC9D}.Debug|Any CPU.ActiveCfg = Debug|Any CPU
		{32107188-0BEC-4ECD-947F-FB777E0BAC9D}.Debug|Any CPU.Build.0 = Debug|Any CPU
		{32107188-0BEC-4ECD-947F-FB777E0BAC9D}.Release|Any CPU.ActiveCfg = Release|Any CPU
		{32107188-0BEC-4ECD-947F-FB777E0BAC9D}.Release|Any CPU.Build.0 = Release|Any CPU
	EndGlobalSection
	GlobalSection(SolutionProperties) = preSolution
		HideSolutionNode = FALSE
	EndGlobalSection
	GlobalSection(NestedProjects) = preSolution
		{D74EF713-DF94-48BA-9621-CB64D8E6FE48} = {E36948D0-53A5-4BAC-885D-3A12E79D5E65}
		{D954FD19-1F29-4B07-8F41-F320D54ED105} = {00F695D2-305A-4C0E-8305-5575BDD28748}
		{485C518A-F11E-4E6B-98E4-B24DDE64CBBD} = {09DFC8EA-06F4-4FEE-8562-14C49691DAD4}
		{FB3528DD-1622-4C9F-9696-132DFBA9AA4D} = {B7FC3838-E251-48C6-8EAA-18132580C7B8}
		{B8C798AB-1D8D-4892-8AE3-AA793B646A3B} = {B7FC3838-E251-48C6-8EAA-18132580C7B8}
		{952F8D26-A841-4008-BAAF-FE750C75F7BB} = {E36948D0-53A5-4BAC-885D-3A12E79D5E65}
		{452FCED8-D11E-48D3-ACFC-B393D88ED3F6} = {00F695D2-305A-4C0E-8305-5575BDD28748}
		{BFE29A0F-CF94-4A1F-AC2B-DD1AF799E9CD} = {09DFC8EA-06F4-4FEE-8562-14C49691DAD4}
		{32107188-0BEC-4ECD-947F-FB777E0BAC9D} = {09DFC8EA-06F4-4FEE-8562-14C49691DAD4}
	EndGlobalSection
	GlobalSection(ExtensibilityGlobals) = postSolution
		SolutionGuid = {990EC97E-4F32-4897-AD73-5D1C8992494A}
	EndGlobalSection
EndGlobal
